
Microsoft Visual Studio Solution File, Format Version 12.00
# Visual Studio Version 16
VisualStudioVersion = 16.0.29911.84
MinimumVisualStudioVersion = 10.0.40219.1
Project("{F184B08F-C81C-45F6-A57F-5ABD9991F28F}") = "Victoria Windle -Summative Game", "Victoria Windle -Summative Game\Victoria Windle -Summative Game.vbproj", "{EEB65E1E-FD58-418E-B90F-4EBE6F719D1D}"
EndProject
Global
	GlobalSection(SolutionConfigurationPlatforms) = preSolution
		Debug|Any CPU = Debug|Any CPU
		Release|Any CPU = Release|Any CPU
	EndGlobalSection
	GlobalSection(ProjectConfigurationPlatforms) = postSolution
		{EEB65E1E-FD58-418E-B90F-4EBE6F719D1D}.Debug|Any CPU.ActiveCfg = Debug|Any CPU
		{EEB65E1E-FD58-418E-B90F-4EBE6F719D1D}.Debug|Any CPU.Build.0 = Debug|Any CPU
		{EEB65E1E-FD58-418E-B90F-4EBE6F719D1D}.Release|Any CPU.ActiveCfg = Release|Any CPU
		{EEB65E1E-FD58-418E-B90F-4EBE6F719D1D}.Release|Any CPU.Build.0 = Release|Any CPU
	EndGlobalSection
	GlobalSection(SolutionProperties) = preSolution
		HideSolutionNode = FALSE
	EndGlobalSection
	GlobalSection(ExtensibilityGlobals) = postSolution
		SolutionGuid = {AE7CDE39-9830-472A-9F12-A448646E9A4E}
	EndGlobalSection
EndGlobal
